<?xml version="1.0" encoding="utf-8"?>
<Project ToolsVersion="4.0" xmlns="http://schemas.microsoft.com/developer/msbuild/2003">
  <ItemGroup>
    <ClCompile Include="CPR_Test.cpp" />
    <ClCompile Include="LevelGround.cpp">
      <Filter>Renderable</Filter>
    </ClCompile>
    <ClCompile Include="Renderable.cpp">
      <Filter>Renderable</Filter>
    </ClCompile>
    <ClCompile Include="Building.cpp">
      <Filter>Renderable</Filter>
    </ClCompile>
    <ClCompile Include="Player.cpp">
      <Filter>Renderable</Filter>
    </ClCompile>
    <ClCompile Include="City.cpp">
      <Filter>Renderable</Filter>
    </ClCompile>
    <ClCompile Include="GameHUD.cpp">
      <Filter>Renderable</Filter>
    </ClCompile>
    <ClCompile Include="Game.cpp">
      <Filter>Engine</Filter>
    </ClCompile>
    <ClCompile Include="Loader.cpp">
      <Filter>Engine</Filter>
    </ClCompile>
    <ClCompile Include="Timer.cpp">
      <Filter>Engine</Filter>
    </ClCompile>
    <ClCompile Include="NavMesh.cpp">
      <Filter>AI</Filter>
    </ClCompile>
    <ClCompile Include="NavMeshItem.cpp">
      <Filter>AI</Filter>
    </ClCompile>
    <ClCompile Include="YellowBallAI.cpp">
      <Filter>AI</Filter>
    </ClCompile>
    <ClCompile Include="AABBCollisionBox.cpp">
      <Filter>Engine</Filter>
    </ClCompile>
    <ClCompile Include="Blackboard.cpp">
      <Filter>AI</Filter>
    </ClCompile>
    <ClCompile Include="LoadingScreen.cpp">
      <Filter>Renderable</Filter>
    </ClCompile>
    <ClCompile Include="YellowBall.cpp">
      <Filter>Renderable\Balls</Filter>
    </ClCompile>
    <ClCompile Include="RedBall.cpp">
      <Filter>Renderable\Balls</Filter>
    </ClCompile>
    <ClCompile Include="RedBallAI.cpp">
      <Filter>AI</Filter>
    </ClCompile>
  </ItemGroup>
  <ItemGroup>
    <ClInclude Include="CPR_Framework.h" />
    <ClInclude Include="LevelGround.h">
      <Filter>Renderable</Filter>
    </ClInclude>
    <ClInclude Include="Renderable.h">
      <Filter>Renderable</Filter>
    </ClInclude>
    <ClInclude Include="Building.h">
      <Filter>Renderable</Filter>
    </ClInclude>
    <ClInclude Include="Player.h">
      <Filter>Renderable</Filter>
    </ClInclude>
    <ClInclude Include="City.h">
      <Filter>Renderable</Filter>
    </ClInclude>
    <ClInclude Include="GameHUD.h">
      <Filter>Renderable</Filter>
    </ClInclude>
    <ClInclude Include="Game.h">
      <Filter>Engine</Filter>
    </ClInclude>
    <ClInclude Include="Loader.h">
      <Filter>Engine</Filter>
    </ClInclude>
    <ClInclude Include="Timer.h">
      <Filter>Engine</Filter>
    </ClInclude>
    <ClInclude Include="EngineTypes.h">
      <Filter>Engine</Filter>
    </ClInclude>
    <ClInclude Include="NavMesh.h">
      <Filter>AI</Filter>
    </ClInclude>
    <ClInclude Include="NavMeshItem.h">
      <Filter>AI</Filter>
    </ClInclude>
    <ClInclude Include="YellowBallAI.h">
      <Filter>AI</Filter>
    </ClInclude>
    <ClInclude Include="AABBCollisionBox.h">
      <Filter>Engine</Filter>
    </ClInclude>
    <ClInclude Include="Blackboard.h">
      <Filter>AI</Filter>
    </ClInclude>
    <ClInclude Include="LoadingScreen.h">
      <Filter>Renderable</Filter>
    </ClInclude>
    <ClInclude Include="YellowBall.h">
      <Filter>Renderable\Balls</Filter>
    </ClInclude>
    <ClInclude Include="RedBall.h">
      <Filter>Renderable\Balls</Filter>
    </ClInclude>
    <ClInclude Include="RedBallAI.h">
      <Filter>AI</Filter>
    </ClInclude>
  </ItemGroup>
  <ItemGroup>
    <Filter Include="Renderable">
      <UniqueIdentifier>{bfd65788-ae51-448f-affc-f6d2f565f034}</UniqueIdentifier>
    </Filter>
    <Filter Include="Engine">
      <UniqueIdentifier>{384ff5ea-bec7-4cbc-bada-1c53dd15c108}</UniqueIdentifier>
    </Filter>
    <Filter Include="AI">
      <UniqueIdentifier>{b10db51c-b165-40f9-9ddb-41ecdb0531b3}</UniqueIdentifier>
    </Filter>
    <Filter Include="Resources">
      <UniqueIdentifier>{9d771288-f13e-45a2-a906-4a416030d0fd}</UniqueIdentifier>
    </Filter>
    <Filter Include="Renderable\Balls">
      <UniqueIdentifier>{9235419f-9161-41ae-8a06-f3c6b04bd86c}</UniqueIdentifier>
    </Filter>
  </ItemGroup>
  <ItemGroup>
    <Text Include="TODO.txt" />
    <Text Include="Resources\city.txt">
      <Filter>Resources</Filter>
    </Text>
  </ItemGroup>
</Project>